
Microsoft Visual Studio Solution File, Format Version 12.00
# Visual Studio Version 17
VisualStudioVersion = 17.0.31903.59
MinimumVisualStudioVersion = 10.0.40219.1
Project("{2150E333-8FDC-42A3-9474-1A3956D46DE8}") = "src", "src", "{827E0CD3-B72D-47B6-A68D-7590B98EB39B}"
EndProject
Project("{FAE04EC0-301F-11D3-BF4B-00C04F79EFBC}") = "Knowledgement.Api", "src\Knowledgement.Api\Knowledgement.Api.csproj", "{E50211A3-0E94-421E-B0F9-223ADBF425BA}"
EndProject
Project("{FAE04EC0-301F-11D3-BF4B-00C04F79EFBC}") = "Knowledgement.Domain", "src\Knowledgement.Domain\Knowledgement.Domain.csproj", "{DE5CCC4C-0C21-4128-87D1-8A9485AA822C}"
EndProject
Project("{FAE04EC0-301F-11D3-BF4B-00C04F79EFBC}") = "Knowledgement.Application", "src\Knowledgement.Application\Knowledgement.Application.csproj", "{DB084051-99C5-4513-82BE-0D8DB50A3487}"
EndProject
Project("{FAE04EC0-301F-11D3-BF4B-00C04F79EFBC}") = "Knowledgement.Infrastructure", "src\Knowledgement.Infrastructure\Knowledgement.Infrastructure.csproj", "{509F60B2-C46F-4C25-9C6A-B10CCE29AF4C}"
EndProject
Global
	GlobalSection(SolutionConfigurationPlatforms) = preSolution
		Debug|Any CPU = Debug|Any CPU
		Debug|x64 = Debug|x64
		Debug|x86 = Debug|x86
		Release|Any CPU = Release|Any CPU
		Release|x64 = Release|x64
		Release|x86 = Release|x86
	EndGlobalSection
	GlobalSection(ProjectConfigurationPlatforms) = postSolution
		{E50211A3-0E94-421E-B0F9-223ADBF425BA}.Debug|Any CPU.ActiveCfg = Debug|Any CPU
		{E50211A3-0E94-421E-B0F9-223ADBF425BA}.Debug|Any CPU.Build.0 = Debug|Any CPU
		{E50211A3-0E94-421E-B0F9-223ADBF425BA}.Debug|x64.ActiveCfg = Debug|Any CPU
		{E50211A3-0E94-421E-B0F9-223ADBF425BA}.Debug|x64.Build.0 = Debug|Any CPU
		{E50211A3-0E94-421E-B0F9-223ADBF425BA}.Debug|x86.ActiveCfg = Debug|Any CPU
		{E50211A3-0E94-421E-B0F9-223ADBF425BA}.Debug|x86.Build.0 = Debug|Any CPU
		{E50211A3-0E94-421E-B0F9-223ADBF425BA}.Release|Any CPU.ActiveCfg = Release|Any CPU
		{E50211A3-0E94-421E-B0F9-223ADBF425BA}.Release|Any CPU.Build.0 = Release|Any CPU
		{E50211A3-0E94-421E-B0F9-223ADBF425BA}.Release|x64.ActiveCfg = Release|Any CPU
		{E50211A3-0E94-421E-B0F9-223ADBF425BA}.Release|x64.Build.0 = Release|Any CPU
		{E50211A3-0E94-421E-B0F9-223ADBF425BA}.Release|x86.ActiveCfg = Release|Any CPU
		{E50211A3-0E94-421E-B0F9-223ADBF425BA}.Release|x86.Build.0 = Release|Any CPU
		{DE5CCC4C-0C21-4128-87D1-8A9485AA822C}.Debug|Any CPU.ActiveCfg = Debug|Any CPU
		{DE5CCC4C-0C21-4128-87D1-8A9485AA822C}.Debug|Any CPU.Build.0 = Debug|Any CPU
		{DE5CCC4C-0C21-4128-87D1-8A9485AA822C}.Debug|x64.ActiveCfg = Debug|Any CPU
		{DE5CCC4C-0C21-4128-87D1-8A9485AA822C}.Debug|x64.Build.0 = Debug|Any CPU
		{DE5CCC4C-0C21-4128-87D1-8A9485AA822C}.Debug|x86.ActiveCfg = Debug|Any CPU
		{DE5CCC4C-0C21-4128-87D1-8A9485AA822C}.Debug|x86.Build.0 = Debug|Any CPU
		{DE5CCC4C-0C21-4128-87D1-8A9485AA822C}.Release|Any CPU.ActiveCfg = Release|Any CPU
		{DE5CCC4C-0C21-4128-87D1-8A9485AA822C}.Release|Any CPU.Build.0 = Release|Any CPU
		{DE5CCC4C-0C21-4128-87D1-8A9485AA822C}.Release|x64.ActiveCfg = Release|Any CPU
		{DE5CCC4C-0C21-4128-87D1-8A9485AA822C}.Release|x64.Build.0 = Release|Any CPU
		{DE5CCC4C-0C21-4128-87D1-8A9485AA822C}.Release|x86.ActiveCfg = Release|Any CPU
		{DE5CCC4C-0C21-4128-87D1-8A9485AA822C}.Release|x86.Build.0 = Release|Any CPU
		{DB084051-99C5-4513-82BE-0D8DB50A3487}.Debug|Any CPU.ActiveCfg = Debug|Any CPU
		{DB084051-99C5-4513-82BE-0D8DB50A3487}.Debug|Any CPU.Build.0 = Debug|Any CPU
		{DB084051-99C5-4513-82BE-0D8DB50A3487}.Debug|x64.ActiveCfg = Debug|Any CPU
		{DB084051-99C5-4513-82BE-0D8DB50A3487}.Debug|x64.Build.0 = Debug|Any CPU
		{DB084051-99C5-4513-82BE-0D8DB50A3487}.Debug|x86.ActiveCfg = Debug|Any CPU
		{DB084051-99C5-4513-82BE-0D8DB50A3487}.Debug|x86.Build.0 = Debug|Any CPU
		{DB084051-99C5-4513-82BE-0D8DB50A3487}.Release|Any CPU.ActiveCfg = Release|Any CPU
		{DB084051-99C5-4513-82BE-0D8DB50A3487}.Release|Any CPU.Build.0 = Release|Any CPU
		{DB084051-99C5-4513-82BE-0D8DB50A3487}.Release|x64.ActiveCfg = Release|Any CPU
		{DB084051-99C5-4513-82BE-0D8DB50A3487}.Release|x64.Build.0 = Release|Any CPU
		{DB084051-99C5-4513-82BE-0D8DB50A3487}.Release|x86.ActiveCfg = Release|Any CPU
		{DB084051-99C5-4513-82BE-0D8DB50A3487}.Release|x86.Build.0 = Release|Any CPU
		{509F60B2-C46F-4C25-9C6A-B10CCE29AF4C}.Debug|Any CPU.ActiveCfg = Debug|Any CPU
		{509F60B2-C46F-4C25-9C6A-B10CCE29AF4C}.Debug|Any CPU.Build.0 = Debug|Any CPU
		{509F60B2-C46F-4C25-9C6A-B10CCE29AF4C}.Debug|x64.ActiveCfg = Debug|Any CPU
		{509F60B2-C46F-4C25-9C6A-B10CCE29AF4C}.Debug|x64.Build.0 = Debug|Any CPU
		{509F60B2-C46F-4C25-9C6A-B10CCE29AF4C}.Debug|x86.ActiveCfg = Debug|Any CPU
		{509F60B2-C46F-4C25-9C6A-B10CCE29AF4C}.Debug|x86.Build.0 = Debug|Any CPU
		{509F60B2-C46F-4C25-9C6A-B10CCE29AF4C}.Release|Any CPU.ActiveCfg = Release|Any CPU
		{509F60B2-C46F-4C25-9C6A-B10CCE29AF4C}.Release|Any CPU.Build.0 = Release|Any CPU
		{509F60B2-C46F-4C25-9C6A-B10CCE29AF4C}.Release|x64.ActiveCfg = Release|Any CPU
		{509F60B2-C46F-4C25-9C6A-B10CCE29AF4C}.Release|x64.Build.0 = Release|Any CPU
		{509F60B2-C46F-4C25-9C6A-B10CCE29AF4C}.Release|x86.ActiveCfg = Release|Any CPU
		{509F60B2-C46F-4C25-9C6A-B10CCE29AF4C}.Release|x86.Build.0 = Release|Any CPU
	EndGlobalSection
	GlobalSection(SolutionProperties) = preSolution
		HideSolutionNode = FALSE
	EndGlobalSection
	GlobalSection(NestedProjects) = preSolution
		{E50211A3-0E94-421E-B0F9-223ADBF425BA} = {827E0CD3-B72D-47B6-A68D-7590B98EB39B}
		{DE5CCC4C-0C21-4128-87D1-8A9485AA822C} = {827E0CD3-B72D-47B6-A68D-7590B98EB39B}
		{DB084051-99C5-4513-82BE-0D8DB50A3487} = {827E0CD3-B72D-47B6-A68D-7590B98EB39B}
		{509F60B2-C46F-4C25-9C6A-B10CCE29AF4C} = {827E0CD3-B72D-47B6-A68D-7590B98EB39B}
	EndGlobalSection
EndGlobal
