
Microsoft Visual Studio Solution File, Format Version 12.00
# Visual Studio Version 17
VisualStudioVersion = 17.0.31903.59
MinimumVisualStudioVersion = 10.0.40219.1
Project("{2150E333-8FDC-42A3-9474-1A3956D46DE8}") = "backend", "backend", "{1AE8ACA6-933B-BF2A-3671-3E2EAC007D16}"
EndProject
Project("{2150E333-8FDC-42A3-9474-1A3956D46DE8}") = "src", "src", "{0F9113EE-888A-26D2-68B0-4A7D0A2A8745}"
EndProject
Project("{2150E333-8FDC-42A3-9474-1A3956D46DE8}") = "Application", "Application", "{DD51F25B-189C-C109-44C9-4CFD0205B88C}"
EndProject
Project("{FAE04EC0-301F-11D3-BF4B-00C04F79EFBC}") = "TransportMissionSystem.Application", "backend\src\Application\TransportMissionSystem.Application.csproj", "{96346B66-D0F1-4614-AFFB-2ADCE67C68E6}"
EndProject
Project("{2150E333-8FDC-42A3-9474-1A3956D46DE8}") = "Infrastructure", "Infrastructure", "{2E00793F-1FC4-E5CF-561B-B85C6FC4F4EC}"
EndProject
Project("{FAE04EC0-301F-11D3-BF4B-00C04F79EFBC}") = "TransportMissionSystem.Infrastructure", "backend\src\Infrastructure\TransportMissionSystem.Infrastructure.csproj", "{33988D38-E96D-4EC3-9945-41F046927A48}"
EndProject
Project("{2150E333-8FDC-42A3-9474-1A3956D46DE8}") = "WebApi", "WebApi", "{9D07EA9D-569C-8EAB-FDF7-982A3A98A89A}"
EndProject
Project("{FAE04EC0-301F-11D3-BF4B-00C04F79EFBC}") = "TransportMissionSystem.WebApi", "backend\src\WebApi\TransportMissionSystem.WebApi.csproj", "{48811C45-44BA-42CE-9E48-828DEE3EFA4C}"
EndProject
Project("{2150E333-8FDC-42A3-9474-1A3956D46DE8}") = "Domain", "Domain", "{F32722EB-BA92-14D5-7A95-09E8C4628122}"
EndProject
Project("{FAE04EC0-301F-11D3-BF4B-00C04F79EFBC}") = "TransportMissionSystem.Domain", "backend\src\Domain\TransportMissionSystem.Domain.csproj", "{1353CF64-1BA0-4537-A8B2-433C5048BAC9}"
EndProject
Global
	GlobalSection(SolutionConfigurationPlatforms) = preSolution
		Debug|Any CPU = Debug|Any CPU
		Debug|x64 = Debug|x64
		Debug|x86 = Debug|x86
		Release|Any CPU = Release|Any CPU
		Release|x64 = Release|x64
		Release|x86 = Release|x86
	EndGlobalSection
	GlobalSection(ProjectConfigurationPlatforms) = postSolution
		{96346B66-D0F1-4614-AFFB-2ADCE67C68E6}.Debug|Any CPU.ActiveCfg = Debug|Any CPU
		{96346B66-D0F1-4614-AFFB-2ADCE67C68E6}.Debug|Any CPU.Build.0 = Debug|Any CPU
		{96346B66-D0F1-4614-AFFB-2ADCE67C68E6}.Debug|x64.ActiveCfg = Debug|Any CPU
		{96346B66-D0F1-4614-AFFB-2ADCE67C68E6}.Debug|x64.Build.0 = Debug|Any CPU
		{96346B66-D0F1-4614-AFFB-2ADCE67C68E6}.Debug|x86.ActiveCfg = Debug|Any CPU
		{96346B66-D0F1-4614-AFFB-2ADCE67C68E6}.Debug|x86.Build.0 = Debug|Any CPU
		{96346B66-D0F1-4614-AFFB-2ADCE67C68E6}.Release|Any CPU.ActiveCfg = Release|Any CPU
		{96346B66-D0F1-4614-AFFB-2ADCE67C68E6}.Release|Any CPU.Build.0 = Release|Any CPU
		{96346B66-D0F1-4614-AFFB-2ADCE67C68E6}.Release|x64.ActiveCfg = Release|Any CPU
		{96346B66-D0F1-4614-AFFB-2ADCE67C68E6}.Release|x64.Build.0 = Release|Any CPU
		{96346B66-D0F1-4614-AFFB-2ADCE67C68E6}.Release|x86.ActiveCfg = Release|Any CPU
		{96346B66-D0F1-4614-AFFB-2ADCE67C68E6}.Release|x86.Build.0 = Release|Any CPU
		{33988D38-E96D-4EC3-9945-41F046927A48}.Debug|Any CPU.ActiveCfg = Debug|Any CPU
		{33988D38-E96D-4EC3-9945-41F046927A48}.Debug|Any CPU.Build.0 = Debug|Any CPU
		{33988D38-E96D-4EC3-9945-41F046927A48}.Debug|x64.ActiveCfg = Debug|Any CPU
		{33988D38-E96D-4EC3-9945-41F046927A48}.Debug|x64.Build.0 = Debug|Any CPU
		{33988D38-E96D-4EC3-9945-41F046927A48}.Debug|x86.ActiveCfg = Debug|Any CPU
		{33988D38-E96D-4EC3-9945-41F046927A48}.Debug|x86.Build.0 = Debug|Any CPU
		{33988D38-E96D-4EC3-9945-41F046927A48}.Release|Any CPU.ActiveCfg = Release|Any CPU
		{33988D38-E96D-4EC3-9945-41F046927A48}.Release|Any CPU.Build.0 = Release|Any CPU
		{33988D38-E96D-4EC3-9945-41F046927A48}.Release|x64.ActiveCfg = Release|Any CPU
		{33988D38-E96D-4EC3-9945-41F046927A48}.Release|x64.Build.0 = Release|Any CPU
		{33988D38-E96D-4EC3-9945-41F046927A48}.Release|x86.ActiveCfg = Release|Any CPU
		{33988D38-E96D-4EC3-9945-41F046927A48}.Release|x86.Build.0 = Release|Any CPU
		{48811C45-44BA-42CE-9E48-828DEE3EFA4C}.Debug|Any CPU.ActiveCfg = Debug|Any CPU
		{48811C45-44BA-42CE-9E48-828DEE3EFA4C}.Debug|Any CPU.Build.0 = Debug|Any CPU
		{48811C45-44BA-42CE-9E48-828DEE3EFA4C}.Debug|x64.ActiveCfg = Debug|Any CPU
		{48811C45-44BA-42CE-9E48-828DEE3EFA4C}.Debug|x64.Build.0 = Debug|Any CPU
		{48811C45-44BA-42CE-9E48-828DEE3EFA4C}.Debug|x86.ActiveCfg = Debug|Any CPU
		{48811C45-44BA-42CE-9E48-828DEE3EFA4C}.Debug|x86.Build.0 = Debug|Any CPU
		{48811C45-44BA-42CE-9E48-828DEE3EFA4C}.Release|Any CPU.ActiveCfg = Release|Any CPU
		{48811C45-44BA-42CE-9E48-828DEE3EFA4C}.Release|Any CPU.Build.0 = Release|Any CPU
		{48811C45-44BA-42CE-9E48-828DEE3EFA4C}.Release|x64.ActiveCfg = Release|Any CPU
		{48811C45-44BA-42CE-9E48-828DEE3EFA4C}.Release|x64.Build.0 = Release|Any CPU
		{48811C45-44BA-42CE-9E48-828DEE3EFA4C}.Release|x86.ActiveCfg = Release|Any CPU
		{48811C45-44BA-42CE-9E48-828DEE3EFA4C}.Release|x86.Build.0 = Release|Any CPU
		{1353CF64-1BA0-4537-A8B2-433C5048BAC9}.Debug|Any CPU.ActiveCfg = Debug|Any CPU
		{1353CF64-1BA0-4537-A8B2-433C5048BAC9}.Debug|Any CPU.Build.0 = Debug|Any CPU
		{1353CF64-1BA0-4537-A8B2-433C5048BAC9}.Debug|x64.ActiveCfg = Debug|Any CPU
		{1353CF64-1BA0-4537-A8B2-433C5048BAC9}.Debug|x64.Build.0 = Debug|Any CPU
		{1353CF64-1BA0-4537-A8B2-433C5048BAC9}.Debug|x86.ActiveCfg = Debug|Any CPU
		{1353CF64-1BA0-4537-A8B2-433C5048BAC9}.Debug|x86.Build.0 = Debug|Any CPU
		{1353CF64-1BA0-4537-A8B2-433C5048BAC9}.Release|Any CPU.ActiveCfg = Release|Any CPU
		{1353CF64-1BA0-4537-A8B2-433C5048BAC9}.Release|Any CPU.Build.0 = Release|Any CPU
		{1353CF64-1BA0-4537-A8B2-433C5048BAC9}.Release|x64.ActiveCfg = Release|Any CPU
		{1353CF64-1BA0-4537-A8B2-433C5048BAC9}.Release|x64.Build.0 = Release|Any CPU
		{1353CF64-1BA0-4537-A8B2-433C5048BAC9}.Release|x86.ActiveCfg = Release|Any CPU
		{1353CF64-1BA0-4537-A8B2-433C5048BAC9}.Release|x86.Build.0 = Release|Any CPU
	EndGlobalSection
	GlobalSection(SolutionProperties) = preSolution
		HideSolutionNode = FALSE
	EndGlobalSection
	GlobalSection(NestedProjects) = preSolution
		{0F9113EE-888A-26D2-68B0-4A7D0A2A8745} = {1AE8ACA6-933B-BF2A-3671-3E2EAC007D16}
		{DD51F25B-189C-C109-44C9-4CFD0205B88C} = {0F9113EE-888A-26D2-68B0-4A7D0A2A8745}
		{96346B66-D0F1-4614-AFFB-2ADCE67C68E6} = {DD51F25B-189C-C109-44C9-4CFD0205B88C}
		{2E00793F-1FC4-E5CF-561B-B85C6FC4F4EC} = {0F9113EE-888A-26D2-68B0-4A7D0A2A8745}
		{33988D38-E96D-4EC3-9945-41F046927A48} = {2E00793F-1FC4-E5CF-561B-B85C6FC4F4EC}
		{9D07EA9D-569C-8EAB-FDF7-982A3A98A89A} = {0F9113EE-888A-26D2-68B0-4A7D0A2A8745}
		{48811C45-44BA-42CE-9E48-828DEE3EFA4C} = {9D07EA9D-569C-8EAB-FDF7-982A3A98A89A}
		{F32722EB-BA92-14D5-7A95-09E8C4628122} = {0F9113EE-888A-26D2-68B0-4A7D0A2A8745}
		{1353CF64-1BA0-4537-A8B2-433C5048BAC9} = {F32722EB-BA92-14D5-7A95-09E8C4628122}
	EndGlobalSection
EndGlobal
